
Microsoft Visual Studio Solution File, Format Version 12.00
# Visual Studio 15
VisualStudioVersion = 15.0.27703.2042
MinimumVisualStudioVersion = 10.0.40219.1
Project("{FAE04EC0-301F-11D3-BF4B-00C04F79EFBC}") = "Thread_HomeWork", "Thread_HomeWork\Thread_HomeWork.csproj", "{C67E01A9-97EF-46FB-A87B-B945F69128D0}"
EndProject
Global
	GlobalSection(SolutionConfigurationPlatforms) = preSolution
		Debug|Any CPU = Debug|Any CPU
		Release|Any CPU = Release|Any CPU
	EndGlobalSection
	GlobalSection(ProjectConfigurationPlatforms) = postSolution
		{C67E01A9-97EF-46FB-A87B-B945F69128D0}.Debug|Any CPU.ActiveCfg = Debug|Any CPU
		{C67E01A9-97EF-46FB-A87B-B945F69128D0}.Debug|Any CPU.Build.0 = Debug|Any CPU
		{C67E01A9-97EF-46FB-A87B-B945F69128D0}.Release|Any CPU.ActiveCfg = Release|Any CPU
		{C67E01A9-97EF-46FB-A87B-B945F69128D0}.Release|Any CPU.Build.0 = Release|Any CPU
	EndGlobalSection
	GlobalSection(SolutionProperties) = preSolution
		HideSolutionNode = FALSE
	EndGlobalSection
	GlobalSection(ExtensibilityGlobals) = postSolution
		SolutionGuid = {7C66151A-9DE5-4FFA-B23B-3170E0C343D9}
	EndGlobalSection
EndGlobal
